
Microsoft Visual Studio Solution File, Format Version 12.00
# Visual Studio Version 16
VisualStudioVersion = 16.0.30011.22
MinimumVisualStudioVersion = 10.0.40219.1
Project("{FAE04EC0-301F-11D3-BF4B-00C04F79EFBC}") = "SunnySchoolUI", "SunnySchoolUI\SunnySchoolUI.csproj", "{062C8C80-B687-49A5-A753-55E3C2B4AAB8}"
EndProject
Project("{FAE04EC0-301F-11D3-BF4B-00C04F79EFBC}") = "SunnySchool.Models", "SunnySchool.Models\SunnySchool.Models.csproj", "{D98BE752-31A9-4B31-9138-91DB0BBC586D}"
EndProject
Project("{FAE04EC0-301F-11D3-BF4B-00C04F79EFBC}") = "SunnySchool.Services", "SunnySchool.Services\SunnySchool.Services.csproj", "{CC9D0438-6C67-4905-B512-77EC67F74230}"
EndProject
Global
	GlobalSection(SolutionConfigurationPlatforms) = preSolution
		Debug|Any CPU = Debug|Any CPU
		Release|Any CPU = Release|Any CPU
	EndGlobalSection
	GlobalSection(ProjectConfigurationPlatforms) = postSolution
		{062C8C80-B687-49A5-A753-55E3C2B4AAB8}.Debug|Any CPU.ActiveCfg = Debug|Any CPU
		{062C8C80-B687-49A5-A753-55E3C2B4AAB8}.Debug|Any CPU.Build.0 = Debug|Any CPU
		{062C8C80-B687-49A5-A753-55E3C2B4AAB8}.Release|Any CPU.ActiveCfg = Release|Any CPU
		{062C8C80-B687-49A5-A753-55E3C2B4AAB8}.Release|Any CPU.Build.0 = Release|Any CPU
		{D98BE752-31A9-4B31-9138-91DB0BBC586D}.Debug|Any CPU.ActiveCfg = Debug|Any CPU
		{D98BE752-31A9-4B31-9138-91DB0BBC586D}.Debug|Any CPU.Build.0 = Debug|Any CPU
		{D98BE752-31A9-4B31-9138-91DB0BBC586D}.Release|Any CPU.ActiveCfg = Release|Any CPU
		{D98BE752-31A9-4B31-9138-91DB0BBC586D}.Release|Any CPU.Build.0 = Release|Any CPU
		{CC9D0438-6C67-4905-B512-77EC67F74230}.Debug|Any CPU.ActiveCfg = Debug|Any CPU
		{CC9D0438-6C67-4905-B512-77EC67F74230}.Debug|Any CPU.Build.0 = Debug|Any CPU
		{CC9D0438-6C67-4905-B512-77EC67F74230}.Release|Any CPU.ActiveCfg = Release|Any CPU
		{CC9D0438-6C67-4905-B512-77EC67F74230}.Release|Any CPU.Build.0 = Release|Any CPU
	EndGlobalSection
	GlobalSection(SolutionProperties) = preSolution
		HideSolutionNode = FALSE
	EndGlobalSection
	GlobalSection(ExtensibilityGlobals) = postSolution
		SolutionGuid = {612E29B6-056A-49E5-B356-D4D6B7B22286}
	EndGlobalSection
EndGlobal
